github.com/etc-sudonters/substrate v0.0.0-20250216052200-bc7e481a734b h1:NvX2OvbN2KePDHNbcQIWMlPaZOvZxN4pcK+VMmqYIjo=
github.com/etc-sudonters/substrate v0.0.0-20250216052200-bc7e481a734b/go.mod h1:zCoHoCnCxOmbYUNN/dT/aCOEsPw6MA1uGv80XKf6Jr8=
github.com/etc-sudonters/substrate v0.0.0-20260122145901-82edaff8fc30 h1:dL2hJ9E90Rh/wTaVofK339/3jqURBTMWfqXfk/Af4a8=
github.com/etc-sudonters/substrate v0.0.0-20260122145901-82edaff8fc30/go.mod h1:VPr69WOb5on4dFE3ncvv9iyu3ZVZy2Apdf4gsmCT/qo=
